// !$*UTF8*$!
{
	archiveVersion = 1;
	classes = {
	};
	objectVersion = 56;
	objects = {

/* Begin PBXBuildFile section */
		887A2DDE2C53475D001207A9 /* RealmSwift in Embed Frameworks */ = {isa = PBXBuildFile; productRef = 88E47ED02C4E46C30065527A /* RealmSwift */; settings = {ATTRIBUTES = (CodeSignOnCopy, ); }; };
		887A2DE22C538ADB001207A9 /* RealmRepository.swift in Sources */ = {isa = PBXBuildFile; fileRef = 887A2DE12C538ADB001207A9 /* RealmRepository.swift */; };
		887A2DE42C538AEB001207A9 /* RealmLikeModel.swift in Sources */ = {isa = PBXBuildFile; fileRef = 887A2DE32C538AEB001207A9 /* RealmLikeModel.swift */; };
		887A2DE62C53C71F001207A9 /* UICollectionViewLayout+.swift in Sources */ = {isa = PBXBuildFile; fileRef = 887A2DE52C53C71F001207A9 /* UICollectionViewLayout+.swift */; };
		887A2DE82C53C84E001207A9 /* PhotoLikeViewModel.swift in Sources */ = {isa = PBXBuildFile; fileRef = 887A2DE72C53C84E001207A9 /* PhotoLikeViewModel.swift */; };
		887A2DEA2C53C95E001207A9 /* UIButton.Configuration+.swift in Sources */ = {isa = PBXBuildFile; fileRef = 887A2DE92C53C95E001207A9 /* UIButton.Configuration+.swift */; };
		887A2DEC2C53CB5D001207A9 /* Condition.swift in Sources */ = {isa = PBXBuildFile; fileRef = 887A2DEB2C53CB5D001207A9 /* Condition.swift */; };
		887A2DEE2C53F4B7001207A9 /* FileManager.swift in Sources */ = {isa = PBXBuildFile; fileRef = 887A2DED2C53F4B7001207A9 /* FileManager.swift */; };
		888249F22C549B5F004AC5F0 /* String+.swift in Sources */ = {isa = PBXBuildFile; fileRef = 888249F12C549B5F004AC5F0 /* String+.swift */; };
		888249F42C54D7D4004AC5F0 /* EmptyView.swift in Sources */ = {isa = PBXBuildFile; fileRef = 888249F32C54D7D4004AC5F0 /* EmptyView.swift */; };
		888698412C50E13C003AEDC6 /* UnderLineTextField.swift in Sources */ = {isa = PBXBuildFile; fileRef = 888698402C50E13C003AEDC6 /* UnderLineTextField.swift */; };
		888698432C50E274003AEDC6 /* NicknameViewModel.swift in Sources */ = {isa = PBXBuildFile; fileRef = 888698422C50E274003AEDC6 /* NicknameViewModel.swift */; };
		888698462C50E281003AEDC6 /* Observable.swift in Sources */ = {isa = PBXBuildFile; fileRef = 888698452C50E281003AEDC6 /* Observable.swift */; };
		888698482C50E403003AEDC6 /* PolaroidTabBarController.swift in Sources */ = {isa = PBXBuildFile; fileRef = 888698472C50E403003AEDC6 /* PolaroidTabBarController.swift */; };
		8886984B2C50E452003AEDC6 /* PhotoLikeViewController.swift in Sources */ = {isa = PBXBuildFile; fileRef = 8886984A2C50E452003AEDC6 /* PhotoLikeViewController.swift */; };
		8886984E2C50E4EA003AEDC6 /* Design.swift in Sources */ = {isa = PBXBuildFile; fileRef = 8886984D2C50E4EA003AEDC6 /* Design.swift */; };
		888698502C50E5A7003AEDC6 /* TopicPhotoViewController.swift in Sources */ = {isa = PBXBuildFile; fileRef = 8886984F2C50E5A7003AEDC6 /* TopicPhotoViewController.swift */; };
		888698542C50EAD2003AEDC6 /* ProfileViewController.swift in Sources */ = {isa = PBXBuildFile; fileRef = 888698532C50EAD2003AEDC6 /* ProfileViewController.swift */; };
		888698572C50EAFC003AEDC6 /* ProfileCollectionViewCell.swift in Sources */ = {isa = PBXBuildFile; fileRef = 888698562C50EAFC003AEDC6 /* ProfileCollectionViewCell.swift */; };
		888698592C50EC04003AEDC6 /* Display.swift in Sources */ = {isa = PBXBuildFile; fileRef = 888698582C50EC04003AEDC6 /* Display.swift */; };
		8886985C2C50F206003AEDC6 /* UserDefaultsManager.swift in Sources */ = {isa = PBXBuildFile; fileRef = 8886985B2C50F206003AEDC6 /* UserDefaultsManager.swift */; };
		8886985E2C510D66003AEDC6 /* SearchPhotoViewModel.swift in Sources */ = {isa = PBXBuildFile; fileRef = 8886985D2C510D66003AEDC6 /* SearchPhotoViewModel.swift */; };
		888698602C511953003AEDC6 /* PhotoResultCollectionViewCell.swift in Sources */ = {isa = PBXBuildFile; fileRef = 8886985F2C511953003AEDC6 /* PhotoResultCollectionViewCell.swift */; };
		888698632C51196C003AEDC6 /* Kingfisher in Frameworks */ = {isa = PBXBuildFile; productRef = 888698622C51196C003AEDC6 /* Kingfisher */; };
		888698652C512EE2003AEDC6 /* APIKey.swift in Sources */ = {isa = PBXBuildFile; fileRef = 888698642C512EE2003AEDC6 /* APIKey.swift */; };
		888698682C5131E7003AEDC6 /* NetworkRequest.swift in Sources */ = {isa = PBXBuildFile; fileRef = 888698672C5131E7003AEDC6 /* NetworkRequest.swift */; };
		8886986A2C513251003AEDC6 /* PhotoSearchRequest.swift in Sources */ = {isa = PBXBuildFile; fileRef = 888698692C513251003AEDC6 /* PhotoSearchRequest.swift */; };
		8886986C2C5134D4003AEDC6 /* PhotoSearchResponse.swift in Sources */ = {isa = PBXBuildFile; fileRef = 8886986B2C5134D4003AEDC6 /* PhotoSearchResponse.swift */; };
		8886986E2C5134EE003AEDC6 /* NetworkManager.swift in Sources */ = {isa = PBXBuildFile; fileRef = 8886986D2C5134EE003AEDC6 /* NetworkManager.swift */; };
		888FE8722C52644A00DB7046 /* TitleSupplementaryView.swift in Sources */ = {isa = PBXBuildFile; fileRef = 888FE8712C52644A00DB7046 /* TitleSupplementaryView.swift */; };
		888FE8742C5266DA00DB7046 /* TopicPhotoViewModel.swift in Sources */ = {isa = PBXBuildFile; fileRef = 888FE8732C5266DA00DB7046 /* TopicPhotoViewModel.swift */; };
		888FE8762C52672A00DB7046 /* TopicPhotoRequest.swift in Sources */ = {isa = PBXBuildFile; fileRef = 888FE8752C52672A00DB7046 /* TopicPhotoRequest.swift */; };
		888FE87C2C527B8F00DB7046 /* PhotoDetailViewController.swift in Sources */ = {isa = PBXBuildFile; fileRef = 888FE87B2C527B8F00DB7046 /* PhotoDetailViewController.swift */; };
		888FE87E2C527BEE00DB7046 /* FeedHeaderView.swift in Sources */ = {isa = PBXBuildFile; fileRef = 888FE87D2C527BEE00DB7046 /* FeedHeaderView.swift */; };
		888FE8802C527C7900DB7046 /* PhotoResult.swift in Sources */ = {isa = PBXBuildFile; fileRef = 888FE87F2C527C7900DB7046 /* PhotoResult.swift */; };
		888FE8822C52899100DB7046 /* PhotoStatRequest.swift in Sources */ = {isa = PBXBuildFile; fileRef = 888FE8812C52899100DB7046 /* PhotoStatRequest.swift */; };
		888FE8842C528AA900DB7046 /* PhotoStatResponse.swift in Sources */ = {isa = PBXBuildFile; fileRef = 888FE8832C528AA900DB7046 /* PhotoStatResponse.swift */; };
		888FE8862C528BA300DB7046 /* PhotoDetailViewModel.swift in Sources */ = {isa = PBXBuildFile; fileRef = 888FE8852C528BA300DB7046 /* PhotoDetailViewModel.swift */; };
		888FE8882C52961C00DB7046 /* RoundToggleButton.swift in Sources */ = {isa = PBXBuildFile; fileRef = 888FE8872C52961C00DB7046 /* RoundToggleButton.swift */; };
		889760122C4E630F00E4AAB5 /* RoundProfileView.swift in Sources */ = {isa = PBXBuildFile; fileRef = 889760112C4E630F00E4AAB5 /* RoundProfileView.swift */; };
		889760142C4E632100E4AAB5 /* RoundImageView.swift in Sources */ = {isa = PBXBuildFile; fileRef = 889760132C4E632100E4AAB5 /* RoundImageView.swift */; };
		88E47EC52C4E46580065527A /* SnapKit in Frameworks */ = {isa = PBXBuildFile; productRef = 88E47EC42C4E46580065527A /* SnapKit */; };
		88E47EC82C4E465F0065527A /* Toast in Frameworks */ = {isa = PBXBuildFile; productRef = 88E47EC72C4E465F0065527A /* Toast */; };
		88E47ECB2C4E466A0065527A /* Alamofire in Frameworks */ = {isa = PBXBuildFile; productRef = 88E47ECA2C4E466A0065527A /* Alamofire */; };
		88E47ED12C4E46C30065527A /* RealmSwift in Frameworks */ = {isa = PBXBuildFile; productRef = 88E47ED02C4E46C30065527A /* RealmSwift */; };
		88E47ED42C4E471A0065527A /* BaseCollectionViewCell.swift in Sources */ = {isa = PBXBuildFile; fileRef = 88E47ED32C4E471A0065527A /* BaseCollectionViewCell.swift */; };
		88E47ED62C4E47890065527A /* UIColor+.swift in Sources */ = {isa = PBXBuildFile; fileRef = 88E47ED52C4E47890065527A /* UIColor+.swift */; };
		88E47ED82C4E588B0065527A /* OnboardingViewController.swift in Sources */ = {isa = PBXBuildFile; fileRef = 88E47ED72C4E588B0065527A /* OnboardingViewController.swift */; };
		88E47EDB2C4E58A00065527A /* RoundButton.swift in Sources */ = {isa = PBXBuildFile; fileRef = 88E47EDA2C4E58A00065527A /* RoundButton.swift */; };
		88E47EDD2C4E598F0065527A /* NicknameViewController.swift in Sources */ = {isa = PBXBuildFile; fileRef = 88E47EDC2C4E598F0065527A /* NicknameViewController.swift */; };
		88E936B92C4E42C60079DF68 /* AppDelegate.swift in Sources */ = {isa = PBXBuildFile; fileRef = 88E936B82C4E42C60079DF68 /* AppDelegate.swift */; };
		88E936BB2C4E42C60079DF68 /* SceneDelegate.swift in Sources */ = {isa = PBXBuildFile; fileRef = 88E936BA2C4E42C60079DF68 /* SceneDelegate.swift */; };
		88E936BD2C4E42C60079DF68 /* SearchPhotoViewController.swift in Sources */ = {isa = PBXBuildFile; fileRef = 88E936BC2C4E42C60079DF68 /* SearchPhotoViewController.swift */; };
		88E936C22C4E42C70079DF68 /* Assets.xcassets in Resources */ = {isa = PBXBuildFile; fileRef = 88E936C12C4E42C70079DF68 /* Assets.xcassets */; };
		88E936C52C4E42C70079DF68 /* Base in Resources */ = {isa = PBXBuildFile; fileRef = 88E936C42C4E42C70079DF68 /* Base */; };
		88E936CD2C4E42E20079DF68 /* .gitignore in Resources */ = {isa = PBXBuildFile; fileRef = 88E936CC2C4E42E20079DF68 /* .gitignore */; };
		88E936D32C4E440A0079DF68 /* ReusableProtocol.swift in Sources */ = {isa = PBXBuildFile; fileRef = 88E936D22C4E440A0079DF68 /* ReusableProtocol.swift */; };
		88E936D62C4E44B60079DF68 /* BaseViewController.swift in Sources */ = {isa = PBXBuildFile; fileRef = 88E936D52C4E44B60079DF68 /* BaseViewController.swift */; };
/* End PBXBuildFile section */

/* Begin PBXCopyFilesBuildPhase section */
		887A2DDF2C53475D001207A9 /* Embed Frameworks */ = {
			isa = PBXCopyFilesBuildPhase;
			buildActionMask = 2147483647;
			dstPath = "";
			dstSubfolderSpec = 10;
			files = (
				887A2DDE2C53475D001207A9 /* RealmSwift in Embed Frameworks */,
			);
			name = "Embed Frameworks";
			runOnlyForDeploymentPostprocessing = 0;
		};
/* End PBXCopyFilesBuildPhase section */

/* Begin PBXFileReference section */
		887A2DE12C538ADB001207A9 /* RealmRepository.swift */ = {isa = PBXFileReference; lastKnownFileType = sourcecode.swift; path = RealmRepository.swift; sourceTree = "<group>"; };
		887A2DE32C538AEB001207A9 /* RealmLikeModel.swift */ = {isa = PBXFileReference; lastKnownFileType = sourcecode.swift; path = RealmLikeModel.swift; sourceTree = "<group>"; };
		887A2DE52C53C71F001207A9 /* UICollectionViewLayout+.swift */ = {isa = PBXFileReference; lastKnownFileType = sourcecode.swift; path = "UICollectionViewLayout+.swift"; sourceTree = "<group>"; };
		887A2DE72C53C84E001207A9 /* PhotoLikeViewModel.swift */ = {isa = PBXFileReference; lastKnownFileType = sourcecode.swift; path = PhotoLikeViewModel.swift; sourceTree = "<group>"; };
		887A2DE92C53C95E001207A9 /* UIButton.Configuration+.swift */ = {isa = PBXFileReference; lastKnownFileType = sourcecode.swift; path = "UIButton.Configuration+.swift"; sourceTree = "<group>"; };
		887A2DEB2C53CB5D001207A9 /* Condition.swift */ = {isa = PBXFileReference; lastKnownFileType = sourcecode.swift; path = Condition.swift; sourceTree = "<group>"; };
		887A2DED2C53F4B7001207A9 /* FileManager.swift */ = {isa = PBXFileReference; lastKnownFileType = sourcecode.swift; path = FileManager.swift; sourceTree = "<group>"; };
		888249F12C549B5F004AC5F0 /* String+.swift */ = {isa = PBXFileReference; lastKnownFileType = sourcecode.swift; path = "String+.swift"; sourceTree = "<group>"; };
		888249F32C54D7D4004AC5F0 /* EmptyView.swift */ = {isa = PBXFileReference; lastKnownFileType = sourcecode.swift; path = EmptyView.swift; sourceTree = "<group>"; };
		888698402C50E13C003AEDC6 /* UnderLineTextField.swift */ = {isa = PBXFileReference; lastKnownFileType = sourcecode.swift; path = UnderLineTextField.swift; sourceTree = "<group>"; };
		888698422C50E274003AEDC6 /* NicknameViewModel.swift */ = {isa = PBXFileReference; lastKnownFileType = sourcecode.swift; path = NicknameViewModel.swift; sourceTree = "<group>"; };
		888698452C50E281003AEDC6 /* Observable.swift */ = {isa = PBXFileReference; lastKnownFileType = sourcecode.swift; path = Observable.swift; sourceTree = "<group>"; };
		888698472C50E403003AEDC6 /* PolaroidTabBarController.swift */ = {isa = PBXFileReference; lastKnownFileType = sourcecode.swift; path = PolaroidTabBarController.swift; sourceTree = "<group>"; };
		8886984A2C50E452003AEDC6 /* PhotoLikeViewController.swift */ = {isa = PBXFileReference; lastKnownFileType = sourcecode.swift; path = PhotoLikeViewController.swift; sourceTree = "<group>"; };
		8886984D2C50E4EA003AEDC6 /* Design.swift */ = {isa = PBXFileReference; lastKnownFileType = sourcecode.swift; path = Design.swift; sourceTree = "<group>"; };
		8886984F2C50E5A7003AEDC6 /* TopicPhotoViewController.swift */ = {isa = PBXFileReference; lastKnownFileType = sourcecode.swift; path = TopicPhotoViewController.swift; sourceTree = "<group>"; };
		888698532C50EAD2003AEDC6 /* ProfileViewController.swift */ = {isa = PBXFileReference; lastKnownFileType = sourcecode.swift; path = ProfileViewController.swift; sourceTree = "<group>"; };
		888698562C50EAFC003AEDC6 /* ProfileCollectionViewCell.swift */ = {isa = PBXFileReference; lastKnownFileType = sourcecode.swift; path = ProfileCollectionViewCell.swift; sourceTree = "<group>"; };
		888698582C50EC04003AEDC6 /* Display.swift */ = {isa = PBXFileReference; lastKnownFileType = sourcecode.swift; path = Display.swift; sourceTree = "<group>"; };
		8886985B2C50F206003AEDC6 /* UserDefaultsManager.swift */ = {isa = PBXFileReference; lastKnownFileType = sourcecode.swift; path = UserDefaultsManager.swift; sourceTree = "<group>"; };
		8886985D2C510D66003AEDC6 /* SearchPhotoViewModel.swift */ = {isa = PBXFileReference; lastKnownFileType = sourcecode.swift; path = SearchPhotoViewModel.swift; sourceTree = "<group>"; };
		8886985F2C511953003AEDC6 /* PhotoResultCollectionViewCell.swift */ = {isa = PBXFileReference; lastKnownFileType = sourcecode.swift; path = PhotoResultCollectionViewCell.swift; sourceTree = "<group>"; };
		888698642C512EE2003AEDC6 /* APIKey.swift */ = {isa = PBXFileReference; lastKnownFileType = sourcecode.swift; path = APIKey.swift; sourceTree = "<group>"; };
		888698672C5131E7003AEDC6 /* NetworkRequest.swift */ = {isa = PBXFileReference; lastKnownFileType = sourcecode.swift; path = NetworkRequest.swift; sourceTree = "<group>"; };
		888698692C513251003AEDC6 /* PhotoSearchRequest.swift */ = {isa = PBXFileReference; lastKnownFileType = sourcecode.swift; path = PhotoSearchRequest.swift; sourceTree = "<group>"; };
		8886986B2C5134D4003AEDC6 /* PhotoSearchResponse.swift */ = {isa = PBXFileReference; lastKnownFileType = sourcecode.swift; path = PhotoSearchResponse.swift; sourceTree = "<group>"; };
		8886986D2C5134EE003AEDC6 /* NetworkManager.swift */ = {isa = PBXFileReference; lastKnownFileType = sourcecode.swift; path = NetworkManager.swift; sourceTree = "<group>"; };
		888FE8712C52644A00DB7046 /* TitleSupplementaryView.swift */ = {isa = PBXFileReference; lastKnownFileType = sourcecode.swift; path = TitleSupplementaryView.swift; sourceTree = "<group>"; };
		888FE8732C5266DA00DB7046 /* TopicPhotoViewModel.swift */ = {isa = PBXFileReference; lastKnownFileType = sourcecode.swift; path = TopicPhotoViewModel.swift; sourceTree = "<group>"; };
		888FE8752C52672A00DB7046 /* TopicPhotoRequest.swift */ = {isa = PBXFileReference; lastKnownFileType = sourcecode.swift; path = TopicPhotoRequest.swift; sourceTree = "<group>"; };
		888FE87B2C527B8F00DB7046 /* PhotoDetailViewController.swift */ = {isa = PBXFileReference; lastKnownFileType = sourcecode.swift; path = PhotoDetailViewController.swift; sourceTree = "<group>"; };
		888FE87D2C527BEE00DB7046 /* FeedHeaderView.swift */ = {isa = PBXFileReference; lastKnownFileType = sourcecode.swift; path = FeedHeaderView.swift; sourceTree = "<group>"; };
		888FE87F2C527C7900DB7046 /* PhotoResult.swift */ = {isa = PBXFileReference; lastKnownFileType = sourcecode.swift; path = PhotoResult.swift; sourceTree = "<group>"; };
		888FE8812C52899100DB7046 /* PhotoStatRequest.swift */ = {isa = PBXFileReference; lastKnownFileType = sourcecode.swift; path = PhotoStatRequest.swift; sourceTree = "<group>"; };
		888FE8832C528AA900DB7046 /* PhotoStatResponse.swift */ = {isa = PBXFileReference; lastKnownFileType = sourcecode.swift; path = PhotoStatResponse.swift; sourceTree = "<group>"; };
		888FE8852C528BA300DB7046 /* PhotoDetailViewModel.swift */ = {isa = PBXFileReference; lastKnownFileType = sourcecode.swift; path = PhotoDetailViewModel.swift; sourceTree = "<group>"; };
		888FE8872C52961C00DB7046 /* RoundToggleButton.swift */ = {isa = PBXFileReference; lastKnownFileType = sourcecode.swift; path = RoundToggleButton.swift; sourceTree = "<group>"; };
		889760112C4E630F00E4AAB5 /* RoundProfileView.swift */ = {isa = PBXFileReference; lastKnownFileType = sourcecode.swift; path = RoundProfileView.swift; sourceTree = "<group>"; };
		889760132C4E632100E4AAB5 /* RoundImageView.swift */ = {isa = PBXFileReference; lastKnownFileType = sourcecode.swift; path = RoundImageView.swift; sourceTree = "<group>"; };
		88E47ED32C4E471A0065527A /* BaseCollectionViewCell.swift */ = {isa = PBXFileReference; lastKnownFileType = sourcecode.swift; path = BaseCollectionViewCell.swift; sourceTree = "<group>"; };
		88E47ED52C4E47890065527A /* UIColor+.swift */ = {isa = PBXFileReference; lastKnownFileType = sourcecode.swift; path = "UIColor+.swift"; sourceTree = "<group>"; };
		88E47ED72C4E588B0065527A /* OnboardingViewController.swift */ = {isa = PBXFileReference; lastKnownFileType = sourcecode.swift; path = OnboardingViewController.swift; sourceTree = "<group>"; };
		88E47EDA2C4E58A00065527A /* RoundButton.swift */ = {isa = PBXFileReference; lastKnownFileType = sourcecode.swift; path = RoundButton.swift; sourceTree = "<group>"; };
		88E47EDC2C4E598F0065527A /* NicknameViewController.swift */ = {isa = PBXFileReference; lastKnownFileType = sourcecode.swift; path = NicknameViewController.swift; sourceTree = "<group>"; };
		88E936B52C4E42C60079DF68 /* Polaroid.app */ = {isa = PBXFileReference; explicitFileType = wrapper.application; includeInIndex = 0; path = Polaroid.app; sourceTree = BUILT_PRODUCTS_DIR; };
		88E936B82C4E42C60079DF68 /* AppDelegate.swift */ = {isa = PBXFileReference; lastKnownFileType = sourcecode.swift; path = AppDelegate.swift; sourceTree = "<group>"; };
		88E936BA2C4E42C60079DF68 /* SceneDelegate.swift */ = {isa = PBXFileReference; lastKnownFileType = sourcecode.swift; path = SceneDelegate.swift; sourceTree = "<group>"; };
		88E936BC2C4E42C60079DF68 /* SearchPhotoViewController.swift */ = {isa = PBXFileReference; lastKnownFileType = sourcecode.swift; path = SearchPhotoViewController.swift; sourceTree = "<group>"; };
		88E936C12C4E42C70079DF68 /* Assets.xcassets */ = {isa = PBXFileReference; lastKnownFileType = folder.assetcatalog; path = Assets.xcassets; sourceTree = "<group>"; };
		88E936C42C4E42C70079DF68 /* Base */ = {isa = PBXFileReference; lastKnownFileType = file.storyboard; name = Base; path = Base.lproj/LaunchScreen.storyboard; sourceTree = "<group>"; };
		88E936C62C4E42C70079DF68 /* Info.plist */ = {isa = PBXFileReference; lastKnownFileType = text.plist.xml; path = Info.plist; sourceTree = "<group>"; };
		88E936CC2C4E42E20079DF68 /* .gitignore */ = {isa = PBXFileReference; lastKnownFileType = text; path = .gitignore; sourceTree = "<group>"; };
		88E936D22C4E440A0079DF68 /* ReusableProtocol.swift */ = {isa = PBXFileReference; lastKnownFileType = sourcecode.swift; path = ReusableProtocol.swift; sourceTree = "<group>"; };
		88E936D52C4E44B60079DF68 /* BaseViewController.swift */ = {isa = PBXFileReference; lastKnownFileType = sourcecode.swift; path = BaseViewController.swift; sourceTree = "<group>"; };
/* End PBXFileReference section */

/* Begin PBXFrameworksBuildPhase section */
		88E936B22C4E42C60079DF68 /* Frameworks */ = {
			isa = PBXFrameworksBuildPhase;
			buildActionMask = 2147483647;
			files = (
				88E47ED12C4E46C30065527A /* RealmSwift in Frameworks */,
				88E47ECB2C4E466A0065527A /* Alamofire in Frameworks */,
				88E47EC82C4E465F0065527A /* Toast in Frameworks */,
				88E47EC52C4E46580065527A /* SnapKit in Frameworks */,
				888698632C51196C003AEDC6 /* Kingfisher in Frameworks */,
			);
			runOnlyForDeploymentPostprocessing = 0;
		};
/* End PBXFrameworksBuildPhase section */

/* Begin PBXGroup section */
		887A2DE02C538AD1001207A9 /* Database */ = {
			isa = PBXGroup;
			children = (
				887A2DE12C538ADB001207A9 /* RealmRepository.swift */,
				887A2DE32C538AEB001207A9 /* RealmLikeModel.swift */,
			);
			path = Database;
			sourceTree = "<group>";
		};
		888698442C50E27C003AEDC6 /* Observable */ = {
			isa = PBXGroup;
			children = (
				888698452C50E281003AEDC6 /* Observable.swift */,
			);
			path = Observable;
			sourceTree = "<group>";
		};
		888698492C50E406003AEDC6 /* TabBar */ = {
			isa = PBXGroup;
			children = (
				888698472C50E403003AEDC6 /* PolaroidTabBarController.swift */,
			);
			path = TabBar;
			sourceTree = "<group>";
		};
		8886984C2C50E4DD003AEDC6 /* Constant */ = {
			isa = PBXGroup;
			children = (
				8886984D2C50E4EA003AEDC6 /* Design.swift */,
				888698582C50EC04003AEDC6 /* Display.swift */,
				887A2DEB2C53CB5D001207A9 /* Condition.swift */,
			);
			path = Constant;
			sourceTree = "<group>";
		};
		888698552C50EAF4003AEDC6 /* Cell */ = {
			isa = PBXGroup;
			children = (
				888698562C50EAFC003AEDC6 /* ProfileCollectionViewCell.swift */,
				8886985F2C511953003AEDC6 /* PhotoResultCollectionViewCell.swift */,
			);
			path = Cell;
			sourceTree = "<group>";
		};
		8886985A2C50F1FE003AEDC6 /* Manager */ = {
			isa = PBXGroup;
			children = (
				887A2DED2C53F4B7001207A9 /* FileManager.swift */,
				8886985B2C50F206003AEDC6 /* UserDefaultsManager.swift */,
			);
			path = Manager;
			sourceTree = "<group>";
		};
		888698662C5131DF003AEDC6 /* Network */ = {
			isa = PBXGroup;
			children = (
				888698672C5131E7003AEDC6 /* NetworkRequest.swift */,
				8886986D2C5134EE003AEDC6 /* NetworkManager.swift */,
			);
			path = Network;
			sourceTree = "<group>";
		};
		88E47ED22C4E47120065527A /* Model */ = {
			isa = PBXGroup;
			children = (
				888698692C513251003AEDC6 /* PhotoSearchRequest.swift */,
				8886986B2C5134D4003AEDC6 /* PhotoSearchResponse.swift */,
				888FE8752C52672A00DB7046 /* TopicPhotoRequest.swift */,
				888FE87F2C527C7900DB7046 /* PhotoResult.swift */,
				888FE8812C52899100DB7046 /* PhotoStatRequest.swift */,
				888FE8832C528AA900DB7046 /* PhotoStatResponse.swift */,
			);
			path = Model;
			sourceTree = "<group>";
		};
		88E47ED92C4E589B0065527A /* CustomView */ = {
			isa = PBXGroup;
			children = (
				88E47EDA2C4E58A00065527A /* RoundButton.swift */,
				889760112C4E630F00E4AAB5 /* RoundProfileView.swift */,
				889760132C4E632100E4AAB5 /* RoundImageView.swift */,
				888698402C50E13C003AEDC6 /* UnderLineTextField.swift */,
				888FE8712C52644A00DB7046 /* TitleSupplementaryView.swift */,
				888FE87D2C527BEE00DB7046 /* FeedHeaderView.swift */,
				888FE8872C52961C00DB7046 /* RoundToggleButton.swift */,
				888249F32C54D7D4004AC5F0 /* EmptyView.swift */,
			);
			path = CustomView;
			sourceTree = "<group>";
		};
		88E936AC2C4E42C60079DF68 = {
			isa = PBXGroup;
			children = (
				88E936CC2C4E42E20079DF68 /* .gitignore */,
				88E936B72C4E42C60079DF68 /* Polaroid */,
				88E936B62C4E42C60079DF68 /* Products */,
			);
			sourceTree = "<group>";
		};
		88E936B62C4E42C60079DF68 /* Products */ = {
			isa = PBXGroup;
			children = (
				88E936B52C4E42C60079DF68 /* Polaroid.app */,
			);
			name = Products;
			sourceTree = "<group>";
		};
		88E936B72C4E42C60079DF68 /* Polaroid */ = {
			isa = PBXGroup;
			children = (
				887A2DE02C538AD1001207A9 /* Database */,
				888698662C5131DF003AEDC6 /* Network */,
				8886985A2C50F1FE003AEDC6 /* Manager */,
				888698552C50EAF4003AEDC6 /* Cell */,
				8886984C2C50E4DD003AEDC6 /* Constant */,
				888698492C50E406003AEDC6 /* TabBar */,
				888698442C50E27C003AEDC6 /* Observable */,
				88E47ED92C4E589B0065527A /* CustomView */,
				88E47ED22C4E47120065527A /* Model */,
				88E936D42C4E44850079DF68 /* Base */,
				88E936D12C4E43FF0079DF68 /* Extension */,
				88E936D02C4E43FA0079DF68 /* ViewModel */,
				88E936CF2C4E43F50079DF68 /* Protocol */,
				88E936CE2C4E43E80079DF68 /* ViewController */,
				88E936B82C4E42C60079DF68 /* AppDelegate.swift */,
				88E936BA2C4E42C60079DF68 /* SceneDelegate.swift */,
				88E936C12C4E42C70079DF68 /* Assets.xcassets */,
				88E936C32C4E42C70079DF68 /* LaunchScreen.storyboard */,
				88E936C62C4E42C70079DF68 /* Info.plist */,
				888698642C512EE2003AEDC6 /* APIKey.swift */,
			);
			path = Polaroid;
			sourceTree = "<group>";
		};
		88E936CE2C4E43E80079DF68 /* ViewController */ = {
			isa = PBXGroup;
			children = (
				88E936BC2C4E42C60079DF68 /* SearchPhotoViewController.swift */,
				88E47ED72C4E588B0065527A /* OnboardingViewController.swift */,
				88E47EDC2C4E598F0065527A /* NicknameViewController.swift */,
				8886984A2C50E452003AEDC6 /* PhotoLikeViewController.swift */,
				8886984F2C50E5A7003AEDC6 /* TopicPhotoViewController.swift */,
				888698532C50EAD2003AEDC6 /* ProfileViewController.swift */,
				888FE87B2C527B8F00DB7046 /* PhotoDetailViewController.swift */,
			);
			path = ViewController;
			sourceTree = "<group>";
		};
		88E936CF2C4E43F50079DF68 /* Protocol */ = {
			isa = PBXGroup;
			children = (
				88E936D22C4E440A0079DF68 /* ReusableProtocol.swift */,
			);
			path = Protocol;
			sourceTree = "<group>";
		};
		88E936D02C4E43FA0079DF68 /* ViewModel */ = {
			isa = PBXGroup;
			children = (
				888698422C50E274003AEDC6 /* NicknameViewModel.swift */,
				8886985D2C510D66003AEDC6 /* SearchPhotoViewModel.swift */,
				888FE8732C5266DA00DB7046 /* TopicPhotoViewModel.swift */,
				888FE8852C528BA300DB7046 /* PhotoDetailViewModel.swift */,
				887A2DE72C53C84E001207A9 /* PhotoLikeViewModel.swift */,
			);
			path = ViewModel;
			sourceTree = "<group>";
		};
		88E936D12C4E43FF0079DF68 /* Extension */ = {
			isa = PBXGroup;
			children = (
				88E47ED52C4E47890065527A /* UIColor+.swift */,
				887A2DE52C53C71F001207A9 /* UICollectionViewLayout+.swift */,
				887A2DE92C53C95E001207A9 /* UIButton.Configuration+.swift */,
				888249F12C549B5F004AC5F0 /* String+.swift */,
			);
			path = Extension;
			sourceTree = "<group>";
		};
		88E936D42C4E44850079DF68 /* Base */ = {
			isa = PBXGroup;
			children = (
				88E936D52C4E44B60079DF68 /* BaseViewController.swift */,
				88E47ED32C4E471A0065527A /* BaseCollectionViewCell.swift */,
			);
			path = Base;
			sourceTree = "<group>";
		};
/* End PBXGroup section */

/* Begin PBXNativeTarget section */
		88E936B42C4E42C60079DF68 /* Polaroid */ = {
			isa = PBXNativeTarget;
			buildConfigurationList = 88E936C92C4E42C70079DF68 /* Build configuration list for PBXNativeTarget "Polaroid" */;
			buildPhases = (
				88E936B12C4E42C60079DF68 /* Sources */,
				88E936B22C4E42C60079DF68 /* Frameworks */,
				88E936B32C4E42C60079DF68 /* Resources */,
				887A2DDF2C53475D001207A9 /* Embed Frameworks */,
			);
			buildRules = (
			);
			dependencies = (
			);
			name = Polaroid;
			packageProductDependencies = (
				88E47EC42C4E46580065527A /* SnapKit */,
				88E47EC72C4E465F0065527A /* Toast */,
				88E47ECA2C4E466A0065527A /* Alamofire */,
				88E47ED02C4E46C30065527A /* RealmSwift */,
				888698622C51196C003AEDC6 /* Kingfisher */,
			);
			productName = Polaroid;
			productReference = 88E936B52C4E42C60079DF68 /* Polaroid.app */;
			productType = "com.apple.product-type.application";
		};
/* End PBXNativeTarget section */

/* Begin PBXProject section */
		88E936AD2C4E42C60079DF68 /* Project object */ = {
			isa = PBXProject;
			attributes = {
				BuildIndependentTargetsInParallel = 1;
				LastSwiftUpdateCheck = 1540;
				LastUpgradeCheck = 1540;
				TargetAttributes = {
					88E936B42C4E42C60079DF68 = {
						CreatedOnToolsVersion = 15.4;
					};
				};
			};
			buildConfigurationList = 88E936B02C4E42C60079DF68 /* Build configuration list for PBXProject "Polaroid" */;
			compatibilityVersion = "Xcode 14.0";
			developmentRegion = en;
			hasScannedForEncodings = 0;
			knownRegions = (
				en,
				Base,
			);
			mainGroup = 88E936AC2C4E42C60079DF68;
			packageReferences = (
				88E47EC32C4E46580065527A /* XCRemoteSwiftPackageReference "SnapKit" */,
				88E47EC62C4E465F0065527A /* XCRemoteSwiftPackageReference "Toast-Swift" */,
				88E47EC92C4E46690065527A /* XCRemoteSwiftPackageReference "Alamofire" */,
				88E47ECF2C4E46C30065527A /* XCRemoteSwiftPackageReference "realm-swift" */,
				888698612C51196C003AEDC6 /* XCRemoteSwiftPackageReference "Kingfisher" */,
			);
			productRefGroup = 88E936B62C4E42C60079DF68 /* Products */;
			projectDirPath = "";
			projectRoot = "";
			targets = (
				88E936B42C4E42C60079DF68 /* Polaroid */,
			);
		};
/* End PBXProject section */

/* Begin PBXResourcesBuildPhase section */
		88E936B32C4E42C60079DF68 /* Resources */ = {
			isa = PBXResourcesBuildPhase;
			buildActionMask = 2147483647;
			files = (
				88E936CD2C4E42E20079DF68 /* .gitignore in Resources */,
				88E936C22C4E42C70079DF68 /* Assets.xcassets in Resources */,
				88E936C52C4E42C70079DF68 /* Base in Resources */,
			);
			runOnlyForDeploymentPostprocessing = 0;
		};
/* End PBXResourcesBuildPhase section */

/* Begin PBXSourcesBuildPhase section */
		88E936B12C4E42C60079DF68 /* Sources */ = {
			isa = PBXSourcesBuildPhase;
			buildActionMask = 2147483647;
			files = (
				888FE8882C52961C00DB7046 /* RoundToggleButton.swift in Sources */,
				8886985E2C510D66003AEDC6 /* SearchPhotoViewModel.swift in Sources */,
				887A2DE22C538ADB001207A9 /* RealmRepository.swift in Sources */,
				888698502C50E5A7003AEDC6 /* TopicPhotoViewController.swift in Sources */,
				888698412C50E13C003AEDC6 /* UnderLineTextField.swift in Sources */,
				888249F42C54D7D4004AC5F0 /* EmptyView.swift in Sources */,
				888FE8822C52899100DB7046 /* PhotoStatRequest.swift in Sources */,
				888698462C50E281003AEDC6 /* Observable.swift in Sources */,
				888FE8722C52644A00DB7046 /* TitleSupplementaryView.swift in Sources */,
				888698602C511953003AEDC6 /* PhotoResultCollectionViewCell.swift in Sources */,
				88E47EDB2C4E58A00065527A /* RoundButton.swift in Sources */,
				888249F22C549B5F004AC5F0 /* String+.swift in Sources */,
				888698482C50E403003AEDC6 /* PolaroidTabBarController.swift in Sources */,
				888698652C512EE2003AEDC6 /* APIKey.swift in Sources */,
				888FE8742C5266DA00DB7046 /* TopicPhotoViewModel.swift in Sources */,
				888FE8762C52672A00DB7046 /* TopicPhotoRequest.swift in Sources */,
				887A2DE82C53C84E001207A9 /* PhotoLikeViewModel.swift in Sources */,
				887A2DE42C538AEB001207A9 /* RealmLikeModel.swift in Sources */,
				88E936D62C4E44B60079DF68 /* BaseViewController.swift in Sources */,
				88E936BD2C4E42C60079DF68 /* SearchPhotoViewController.swift in Sources */,
				88E936B92C4E42C60079DF68 /* AppDelegate.swift in Sources */,
				887A2DEC2C53CB5D001207A9 /* Condition.swift in Sources */,
				88E47ED82C4E588B0065527A /* OnboardingViewController.swift in Sources */,
				889760142C4E632100E4AAB5 /* RoundImageView.swift in Sources */,
				888698682C5131E7003AEDC6 /* NetworkRequest.swift in Sources */,
				8886984E2C50E4EA003AEDC6 /* Design.swift in Sources */,
				88E936D32C4E440A0079DF68 /* ReusableProtocol.swift in Sources */,
				88E47EDD2C4E598F0065527A /* NicknameViewController.swift in Sources */,
				8886986E2C5134EE003AEDC6 /* NetworkManager.swift in Sources */,
				8886986A2C513251003AEDC6 /* PhotoSearchRequest.swift in Sources */,
				8886985C2C50F206003AEDC6 /* UserDefaultsManager.swift in Sources */,
				887A2DEA2C53C95E001207A9 /* UIButton.Configuration+.swift in Sources */,
				887A2DEE2C53F4B7001207A9 /* FileManager.swift in Sources */,
				888FE8862C528BA300DB7046 /* PhotoDetailViewModel.swift in Sources */,
				888698572C50EAFC003AEDC6 /* ProfileCollectionViewCell.swift in Sources */,
				888698592C50EC04003AEDC6 /* Display.swift in Sources */,
				889760122C4E630F00E4AAB5 /* RoundProfileView.swift in Sources */,
				888FE87C2C527B8F00DB7046 /* PhotoDetailViewController.swift in Sources */,
				887A2DE62C53C71F001207A9 /* UICollectionViewLayout+.swift in Sources */,
				888698432C50E274003AEDC6 /* NicknameViewModel.swift in Sources */,
				888FE87E2C527BEE00DB7046 /* FeedHeaderView.swift in Sources */,
				88E936BB2C4E42C60079DF68 /* SceneDelegate.swift in Sources */,
				8886984B2C50E452003AEDC6 /* PhotoLikeViewController.swift in Sources */,
				888698542C50EAD2003AEDC6 /* ProfileViewController.swift in Sources */,
				88E47ED42C4E471A0065527A /* BaseCollectionViewCell.swift in Sources */,
				888FE8802C527C7900DB7046 /* PhotoResult.swift in Sources */,
				88E47ED62C4E47890065527A /* UIColor+.swift in Sources */,
				8886986C2C5134D4003AEDC6 /* PhotoSearchResponse.swift in Sources */,
				888FE8842C528AA900DB7046 /* PhotoStatResponse.swift in Sources */,
			);
			runOnlyForDeploymentPostprocessing = 0;
		};
/* End PBXSourcesBuildPhase section */

/* Begin PBXVariantGroup section */
		88E936C32C4E42C70079DF68 /* LaunchScreen.storyboard */ = {
			isa = PBXVariantGroup;
			children = (
				88E936C42C4E42C70079DF68 /* Base */,
			);
			name = LaunchScreen.storyboard;
			sourceTree = "<group>";
		};
/* End PBXVariantGroup section */

/* Begin XCBuildConfiguration section */
		88E936C72C4E42C70079DF68 /* Debug */ = {
			isa = XCBuildConfiguration;
			buildSettings = {
				ALWAYS_SEARCH_USER_PATHS = NO;
				ASSETCATALOG_COMPILER_GENERATE_SWIFT_ASSET_SYMBOL_EXTENSIONS = YES;
				CLANG_ANALYZER_NONNULL = YES;
				CLANG_ANALYZER_NUMBER_OBJECT_CONVERSION = YES_AGGRESSIVE;
				CLANG_CXX_LANGUAGE_STANDARD = "gnu++20";
				CLANG_ENABLE_MODULES = YES;
				CLANG_ENABLE_OBJC_ARC = YES;
				CLANG_ENABLE_OBJC_WEAK = YES;
				CLANG_WARN_BLOCK_CAPTURE_AUTORELEASING = YES;
				CLANG_WARN_BOOL_CONVERSION = YES;
				CLANG_WARN_COMMA = YES;
				CLANG_WARN_CONSTANT_CONVERSION = YES;
				CLANG_WARN_DEPRECATED_OBJC_IMPLEMENTATIONS = YES;
				CLANG_WARN_DIRECT_OBJC_ISA_USAGE = YES_ERROR;
				CLANG_WARN_DOCUMENTATION_COMMENTS = YES;
				CLANG_WARN_EMPTY_BODY = YES;
				CLANG_WARN_ENUM_CONVERSION = YES;
				CLANG_WARN_INFINITE_RECURSION = YES;
				CLANG_WARN_INT_CONVERSION = YES;
				CLANG_WARN_NON_LITERAL_NULL_CONVERSION = YES;
				CLANG_WARN_OBJC_IMPLICIT_RETAIN_SELF = YES;
				CLANG_WARN_OBJC_LITERAL_CONVERSION = YES;
				CLANG_WARN_OBJC_ROOT_CLASS = YES_ERROR;
				CLANG_WARN_QUOTED_INCLUDE_IN_FRAMEWORK_HEADER = YES;
				CLANG_WARN_RANGE_LOOP_ANALYSIS = YES;
				CLANG_WARN_STRICT_PROTOTYPES = YES;
				CLANG_WARN_SUSPICIOUS_MOVE = YES;
				CLANG_WARN_UNGUARDED_AVAILABILITY = YES_AGGRESSIVE;
				CLANG_WARN_UNREACHABLE_CODE = YES;
				CLANG_WARN__DUPLICATE_METHOD_MATCH = YES;
				COPY_PHASE_STRIP = NO;
				DEBUG_INFORMATION_FORMAT = dwarf;
				ENABLE_STRICT_OBJC_MSGSEND = YES;
				ENABLE_TESTABILITY = YES;
				ENABLE_USER_SCRIPT_SANDBOXING = YES;
				GCC_C_LANGUAGE_STANDARD = gnu17;
				GCC_DYNAMIC_NO_PIC = NO;
				GCC_NO_COMMON_BLOCKS = YES;
				GCC_OPTIMIZATION_LEVEL = 0;
				GCC_PREPROCESSOR_DEFINITIONS = (
					"DEBUG=1",
					"$(inherited)",
				);
				GCC_WARN_64_TO_32_BIT_CONVERSION = YES;
				GCC_WARN_ABOUT_RETURN_TYPE = YES_ERROR;
				GCC_WARN_UNDECLARED_SELECTOR = YES;
				GCC_WARN_UNINITIALIZED_AUTOS = YES_AGGRESSIVE;
				GCC_WARN_UNUSED_FUNCTION = YES;
				GCC_WARN_UNUSED_VARIABLE = YES;
				IPHONEOS_DEPLOYMENT_TARGET = 17.5;
				LOCALIZATION_PREFERS_STRING_CATALOGS = YES;
				MTL_ENABLE_DEBUG_INFO = INCLUDE_SOURCE;
				MTL_FAST_MATH = YES;
				ONLY_ACTIVE_ARCH = YES;
				SDKROOT = iphoneos;
				SWIFT_ACTIVE_COMPILATION_CONDITIONS = "DEBUG $(inherited)";
				SWIFT_OPTIMIZATION_LEVEL = "-Onone";
			};
			name = Debug;
		};
		88E936C82C4E42C70079DF68 /* Release */ = {
			isa = XCBuildConfiguration;
			buildSettings = {
				ALWAYS_SEARCH_USER_PATHS = NO;
				ASSETCATALOG_COMPILER_GENERATE_SWIFT_ASSET_SYMBOL_EXTENSIONS = YES;
				CLANG_ANALYZER_NONNULL = YES;
				CLANG_ANALYZER_NUMBER_OBJECT_CONVERSION = YES_AGGRESSIVE;
				CLANG_CXX_LANGUAGE_STANDARD = "gnu++20";
				CLANG_ENABLE_MODULES = YES;
				CLANG_ENABLE_OBJC_ARC = YES;
				CLANG_ENABLE_OBJC_WEAK = YES;
				CLANG_WARN_BLOCK_CAPTURE_AUTORELEASING = YES;
				CLANG_WARN_BOOL_CONVERSION = YES;
				CLANG_WARN_COMMA = YES;
				CLANG_WARN_CONSTANT_CONVERSION = YES;
				CLANG_WARN_DEPRECATED_OBJC_IMPLEMENTATIONS = YES;
				CLANG_WARN_DIRECT_OBJC_ISA_USAGE = YES_ERROR;
				CLANG_WARN_DOCUMENTATION_COMMENTS = YES;
				CLANG_WARN_EMPTY_BODY = YES;
				CLANG_WARN_ENUM_CONVERSION = YES;
				CLANG_WARN_INFINITE_RECURSION = YES;
				CLANG_WARN_INT_CONVERSION = YES;
				CLANG_WARN_NON_LITERAL_NULL_CONVERSION = YES;
				CLANG_WARN_OBJC_IMPLICIT_RETAIN_SELF = YES;
				CLANG_WARN_OBJC_LITERAL_CONVERSION = YES;
				CLANG_WARN_OBJC_ROOT_CLASS = YES_ERROR;
				CLANG_WARN_QUOTED_INCLUDE_IN_FRAMEWORK_HEADER = YES;
				CLANG_WARN_RANGE_LOOP_ANALYSIS = YES;
				CLANG_WARN_STRICT_PROTOTYPES = YES;
				CLANG_WARN_SUSPICIOUS_MOVE = YES;
				CLANG_WARN_UNGUARDED_AVAILABILITY = YES_AGGRESSIVE;
				CLANG_WARN_UNREACHABLE_CODE = YES;
				CLANG_WARN__DUPLICATE_METHOD_MATCH = YES;
				COPY_PHASE_STRIP = NO;
				DEBUG_INFORMATION_FORMAT = "dwarf-with-dsym";
				ENABLE_NS_ASSERTIONS = NO;
				ENABLE_STRICT_OBJC_MSGSEND = YES;
				ENABLE_USER_SCRIPT_SANDBOXING = YES;
				GCC_C_LANGUAGE_STANDARD = gnu17;
				GCC_NO_COMMON_BLOCKS = YES;
				GCC_WARN_64_TO_32_BIT_CONVERSION = YES;
				GCC_WARN_ABOUT_RETURN_TYPE = YES_ERROR;
				GCC_WARN_UNDECLARED_SELECTOR = YES;
				GCC_WARN_UNINITIALIZED_AUTOS = YES_AGGRESSIVE;
				GCC_WARN_UNUSED_FUNCTION = YES;
				GCC_WARN_UNUSED_VARIABLE = YES;
				IPHONEOS_DEPLOYMENT_TARGET = 17.5;
				LOCALIZATION_PREFERS_STRING_CATALOGS = YES;
				MTL_ENABLE_DEBUG_INFO = NO;
				MTL_FAST_MATH = YES;
				SDKROOT = iphoneos;
				SWIFT_COMPILATION_MODE = wholemodule;
				VALIDATE_PRODUCT = YES;
			};
			name = Release;
		};
		88E936CA2C4E42C70079DF68 /* Debug */ = {
			isa = XCBuildConfiguration;
			buildSettings = {
				ASSETCATALOG_COMPILER_APPICON_NAME = AppIcon;
				ASSETCATALOG_COMPILER_GLOBAL_ACCENT_COLOR_NAME = AccentColor;
				CODE_SIGN_STYLE = Automatic;
				CURRENT_PROJECT_VERSION = 1;
				DEVELOPMENT_TEAM = 6ZWU3ZJ8BG;
				GENERATE_INFOPLIST_FILE = YES;
				INFOPLIST_FILE = Polaroid/Info.plist;
				INFOPLIST_KEY_CFBundleDisplayName = Polaroid;
				INFOPLIST_KEY_UIApplicationSupportsIndirectInputEvents = YES;
				INFOPLIST_KEY_UILaunchStoryboardName = LaunchScreen;
				INFOPLIST_KEY_UIMainStoryboardFile = "";
				INFOPLIST_KEY_UISupportedInterfaceOrientations = UIInterfaceOrientationPortrait;
				INFOPLIST_KEY_UISupportedInterfaceOrientations_iPad = UIInterfaceOrientationPortrait;
				IPHONEOS_DEPLOYMENT_TARGET = 15.0;
				LD_RUNPATH_SEARCH_PATHS = (
					"$(inherited)",
					"@executable_path/Frameworks",
				);
				MARKETING_VERSION = 1.0;
				PRODUCT_BUNDLE_IDENTIFIER = com.jm.Polaroid;
				PRODUCT_NAME = "$(TARGET_NAME)";
				SUPPORTED_PLATFORMS = "iphoneos iphonesimulator";
				SUPPORTS_MACCATALYST = NO;
				SUPPORTS_MAC_DESIGNED_FOR_IPHONE_IPAD = NO;
				SUPPORTS_XR_DESIGNED_FOR_IPHONE_IPAD = NO;
				SWIFT_EMIT_LOC_STRINGS = YES;
				SWIFT_VERSION = 5.0;
				TARGETED_DEVICE_FAMILY = 1;
			};
			name = Debug;
		};
		88E936CB2C4E42C70079DF68 /* Release */ = {
			isa = XCBuildConfiguration;
			buildSettings = {
				ASSETCATALOG_COMPILER_APPICON_NAME = AppIcon;
				ASSETCATALOG_COMPILER_GLOBAL_ACCENT_COLOR_NAME = AccentColor;
				CODE_SIGN_STYLE = Automatic;
				CURRENT_PROJECT_VERSION = 1;
				DEVELOPMENT_TEAM = 6ZWU3ZJ8BG;
				GENERATE_INFOPLIST_FILE = YES;
				INFOPLIST_FILE = Polaroid/Info.plist;
				INFOPLIST_KEY_CFBundleDisplayName = Polaroid;
				INFOPLIST_KEY_UIApplicationSupportsIndirectInputEvents = YES;
				INFOPLIST_KEY_UILaunchStoryboardName = LaunchScreen;
				INFOPLIST_KEY_UIMainStoryboardFile = "";
				INFOPLIST_KEY_UISupportedInterfaceOrientations = UIInterfaceOrientationPortrait;
				INFOPLIST_KEY_UISupportedInterfaceOrientations_iPad = UIInterfaceOrientationPortrait;
				IPHONEOS_DEPLOYMENT_TARGET = 15.0;
				LD_RUNPATH_SEARCH_PATHS = (
					"$(inherited)",
					"@executable_path/Frameworks",
				);
				MARKETING_VERSION = 1.0;
				PRODUCT_BUNDLE_IDENTIFIER = com.jm.Polaroid;
				PRODUCT_NAME = "$(TARGET_NAME)";
				SUPPORTED_PLATFORMS = "iphoneos iphonesimulator";
				SUPPORTS_MACCATALYST = NO;
				SUPPORTS_MAC_DESIGNED_FOR_IPHONE_IPAD = NO;
				SUPPORTS_XR_DESIGNED_FOR_IPHONE_IPAD = NO;
				SWIFT_EMIT_LOC_STRINGS = YES;
				SWIFT_VERSION = 5.0;
				TARGETED_DEVICE_FAMILY = 1;
			};
			name = Release;
		};
/* End XCBuildConfiguration section */

/* Begin XCConfigurationList section */
		88E936B02C4E42C60079DF68 /* Build configuration list for PBXProject "Polaroid" */ = {
			isa = XCConfigurationList;
			buildConfigurations = (
				88E936C72C4E42C70079DF68 /* Debug */,
				88E936C82C4E42C70079DF68 /* Release */,
			);
			defaultConfigurationIsVisible = 0;
			defaultConfigurationName = Release;
		};
		88E936C92C4E42C70079DF68 /* Build configuration list for PBXNativeTarget "Polaroid" */ = {
			isa = XCConfigurationList;
			buildConfigurations = (
				88E936CA2C4E42C70079DF68 /* Debug */,
				88E936CB2C4E42C70079DF68 /* Release */,
			);
			defaultConfigurationIsVisible = 0;
			defaultConfigurationName = Release;
		};
/* End XCConfigurationList section */

/* Begin XCRemoteSwiftPackageReference section */
		888698612C51196C003AEDC6 /* XCRemoteSwiftPackageReference "Kingfisher" */ = {
			isa = XCRemoteSwiftPackageReference;
			repositoryURL = "https://github.com/onevcat/Kingfisher";
			requirement = {
				kind = upToNextMajorVersion;
				minimumVersion = 7.12.0;
			};
		};
		88E47EC32C4E46580065527A /* XCRemoteSwiftPackageReference "SnapKit" */ = {
			isa = XCRemoteSwiftPackageReference;
			repositoryURL = "https://github.com/SnapKit/SnapKit.git";
			requirement = {
				kind = upToNextMajorVersion;
				minimumVersion = 5.7.1;
			};
		};
		88E47EC62C4E465F0065527A /* XCRemoteSwiftPackageReference "Toast-Swift" */ = {
			isa = XCRemoteSwiftPackageReference;
			repositoryURL = "https://github.com/scalessec/Toast-Swift.git";
			requirement = {
				kind = upToNextMajorVersion;
				minimumVersion = 5.1.1;
			};
		};
		88E47EC92C4E46690065527A /* XCRemoteSwiftPackageReference "Alamofire" */ = {
			isa = XCRemoteSwiftPackageReference;
			repositoryURL = "https://github.com/Alamofire/Alamofire.git";
			requirement = {
				kind = upToNextMajorVersion;
				minimumVersion = 5.9.1;
			};
		};
		88E47ECF2C4E46C30065527A /* XCRemoteSwiftPackageReference "realm-swift" */ = {
			isa = XCRemoteSwiftPackageReference;
			repositoryURL = "https://github.com/realm/realm-swift.git";
			requirement = {
				kind = exactVersion;
				version = 10.52.1;
			};
		};
/* End XCRemoteSwiftPackageReference section */

/* Begin XCSwiftPackageProductDependency section */
		888698622C51196C003AEDC6 /* Kingfisher */ = {
			isa = XCSwiftPackageProductDependency;
			package = 888698612C51196C003AEDC6 /* XCRemoteSwiftPackageReference "Kingfisher" */;
			productName = Kingfisher;
		};
		88E47EC42C4E46580065527A /* SnapKit */ = {
			isa = XCSwiftPackageProductDependency;
			package = 88E47EC32C4E46580065527A /* XCRemoteSwiftPackageReference "SnapKit" */;
			productName = SnapKit;
		};
		88E47EC72C4E465F0065527A /* Toast */ = {
			isa = XCSwiftPackageProductDependency;
			package = 88E47EC62C4E465F0065527A /* XCRemoteSwiftPackageReference "Toast-Swift" */;
			productName = Toast;
		};
		88E47ECA2C4E466A0065527A /* Alamofire */ = {
			isa = XCSwiftPackageProductDependency;
			package = 88E47EC92C4E46690065527A /* XCRemoteSwiftPackageReference "Alamofire" */;
			productName = Alamofire;
		};
		88E47ED02C4E46C30065527A /* RealmSwift */ = {
			isa = XCSwiftPackageProductDependency;
			package = 88E47ECF2C4E46C30065527A /* XCRemoteSwiftPackageReference "realm-swift" */;
			productName = RealmSwift;
		};
/* End XCSwiftPackageProductDependency section */
	};
	rootObject = 88E936AD2C4E42C60079DF68 /* Project object */;
}
